<?xml version="1.0" encoding="utf-8"?>
<Project ToolsVersion="4.0" xmlns="http://schemas.microsoft.com/developer/msbuild/2003">
  <ItemGroup>
    <Filter Include="Source Files">
      <UniqueIdentifier>{4FC737F1-C7A5-4376-A066-2A32D752A2FF}</UniqueIdentifier>
      <Extensions>cpp;c;cc;cxx;def;odl;idl;hpj;bat;asm;asmx</Extensions>
    </Filter>
    <Filter Include="Header Files">
      <UniqueIdentifier>{93995380-89BD-4b04-88EB-625FBE52EBFB}</UniqueIdentifier>
      <Extensions>h;hh;hpp;hxx;hm;inl;inc;xsd</Extensions>
    </Filter>
    <Filter Include="Resources">
      <UniqueIdentifier>{be10612b-6e06-404f-afe8-cafcd092784c}</UniqueIdentifier>
    </Filter>
  </ItemGroup>
  <ItemGroup>
    <ClCompile Include="stb_image.c">
      <Filter>Source Files</Filter>
    </ClCompile>
    <ClCompile Include="Main.cpp">
      <Filter>Source Files</Filter>
    </ClCompile>
    <ClCompile Include="Game.cpp">
      <Filter>Source Files</Filter>
    </ClCompile>
    <ClCompile Include="Display.cpp">
      <Filter>Source Files</Filter>
    </ClCompile>
    <ClCompile Include="obj_loader.cpp">
      <Filter>Source Files</Filter>
    </ClCompile>
    <ClCompile Include="Model.cpp">
      <Filter>Source Files</Filter>
    </ClCompile>
    <ClCompile Include="Shader.cpp">
      <Filter>Source Files</Filter>
    </ClCompile>
    <ClCompile Include="Camera.cpp">
      <Filter>Source Files</Filter>
    </ClCompile>
    <ClCompile Include="GameObject.cpp">
      <Filter>Source Files</Filter>
    </ClCompile>
    <ClCompile Include="Utilities.cpp">
      <Filter>Source Files</Filter>
    </ClCompile>
    <ClCompile Include="Audio.cpp">
      <Filter>Source Files</Filter>
    </ClCompile>
    <ClCompile Include="Player.cpp">
      <Filter>Source Files</Filter>
    </ClCompile>
    <ClCompile Include="Collider.cpp">
      <Filter>Source Files</Filter>
    </ClCompile>
    <ClCompile Include="PhysicsGameObject.cpp">
      <Filter>Source Files</Filter>
    </ClCompile>
    <ClCompile Include="LightCasterObject.cpp">
      <Filter>Source Files</Filter>
    </ClCompile>
  </ItemGroup>
  <ItemGroup>
    <ClInclude Include="stb_image.h">
      <Filter>Header Files</Filter>
    </ClInclude>
    <ClInclude Include="Game.h">
      <Filter>Header Files</Filter>
    </ClInclude>
    <ClInclude Include="Display.h">
      <Filter>Header Files</Filter>
    </ClInclude>
    <ClInclude Include="obj_loader.h">
      <Filter>Header Files</Filter>
    </ClInclude>
    <ClInclude Include="Model.h">
      <Filter>Header Files</Filter>
    </ClInclude>
    <ClInclude Include="Utilities.h">
      <Filter>Header Files</Filter>
    </ClInclude>
    <ClInclude Include="Shader.h">
      <Filter>Header Files</Filter>
    </ClInclude>
    <ClInclude Include="Camera.h">
      <Filter>Header Files</Filter>
    </ClInclude>
    <ClInclude Include="Transform.h">
      <Filter>Header Files</Filter>
    </ClInclude>
    <ClInclude Include="Time.h">
      <Filter>Header Files</Filter>
    </ClInclude>
    <ClInclude Include="GameObject.h">
      <Filter>Header Files</Filter>
    </ClInclude>
    <ClInclude Include="Audio.h">
      <Filter>Header Files</Filter>
    </ClInclude>
    <ClInclude Include="Player.h">
      <Filter>Header Files</Filter>
    </ClInclude>
    <ClInclude Include="AudioManager.h">
      <Filter>Header Files</Filter>
    </ClInclude>
    <ClInclude Include="PhysicsGameObject.h">
      <Filter>Header Files</Filter>
    </ClInclude>
    <ClInclude Include="LightCasterObject.h">
      <Filter>Header Files</Filter>
    </ClInclude>
  </ItemGroup>
  <ItemGroup>
    <None Include="..\res\shaders\geometry_explosionShader.geom">
      <Filter>Resources</Filter>
    </None>
    <None Include="..\res\shaders\fragment_explosionShader.frag">
      <Filter>Resources</Filter>
    </None>
    <None Include="..\res\shaders\fragment_vanilla.frag">
      <Filter>Resources</Filter>
    </None>
    <None Include="..\res\shaders\fragment_VCR.frag">
      <Filter>Resources</Filter>
    </None>
    <None Include="..\res\shaders\vertex_explosionShader.vert">
      <Filter>Resources</Filter>
    </None>
    <None Include="..\res\shaders\vertex_regular.vert">
      <Filter>Resources</Filter>
    </None>
    <None Include="..\res\shaders\vertex_scrollTexture.vert">
      <Filter>Resources</Filter>
    </None>
    <None Include="..\res\shaders\vertex_blinn_phong.vert">
      <Filter>Resources</Filter>
    </None>
    <None Include="..\res\shaders\vertex_phong.vert">
      <Filter>Resources</Filter>
    </None>
    <None Include="..\res\shaders\fragment_blinn_phong.frag">
      <Filter>Resources</Filter>
    </None>
    <None Include="..\res\shaders\fragment_phong.frag">
      <Filter>Resources</Filter>
    </None>
    <None Include="..\res\shaders\fragment_depth.frag">
      <Filter>Resources</Filter>
    </None>
    <None Include="..\res\shaders\vertex_depth.vert">
      <Filter>Resources</Filter>
    </None>
    <None Include="..\res\shaders\shaderSkybox.frag">
      <Filter>Resources</Filter>
    </None>
    <None Include="..\res\shaders\shaderSkybox.vert">
      <Filter>Resources</Filter>
    </None>
    <None Include="..\res\shaders\vertex_environment.vert">
      <Filter>Resources</Filter>
    </None>
    <None Include="..\res\shaders\fragment_environment.frag">
      <Filter>Resources</Filter>
    </None>
    <None Include="..\res\shaders\fragment_tonemapper.frag">
      <Filter>Resources</Filter>
    </None>
    <None Include="..\res\shaders\vertex_tonemapper.vert">
      <Filter>Resources</Filter>
    </None>
    <None Include="..\res\shaders\fragment_gaussian_blur.frag">
      <Filter>Resources</Filter>
    </None>
    <None Include="..\res\shaders\vertex_gaussian_blur.vert">
      <Filter>Resources</Filter>
    </None>
  </ItemGroup>
</Project>